
Microsoft Visual Studio Solution File, Format Version 12.00
# Visual Studio Version 17
VisualStudioVersion = 17.4.33122.133
MinimumVisualStudioVersion = 10.0.40219.1
Project("{FAE04EC0-301F-11D3-BF4B-00C04F79EFBC}") = "ExampleProject.Back", "ExampleProject.Back\ExampleProject.Back.csproj", "{65720130-9E8B-4E57-B22D-5A254CE856D4}"
EndProject
Global
	GlobalSection(SolutionConfigurationPlatforms) = preSolution
		Debug|Any CPU = Debug|Any CPU
		Release|Any CPU = Release|Any CPU
	EndGlobalSection
	GlobalSection(ProjectConfigurationPlatforms) = postSolution
		{65720130-9E8B-4E57-B22D-5A254CE856D4}.Debug|Any CPU.ActiveCfg = Debug|Any CPU
		{65720130-9E8B-4E57-B22D-5A254CE856D4}.Debug|Any CPU.Build.0 = Debug|Any CPU
		{65720130-9E8B-4E57-B22D-5A254CE856D4}.Release|Any CPU.ActiveCfg = Release|Any CPU
		{65720130-9E8B-4E57-B22D-5A254CE856D4}.Release|Any CPU.Build.0 = Release|Any CPU
	EndGlobalSection
	GlobalSection(SolutionProperties) = preSolution
		HideSolutionNode = FALSE
	EndGlobalSection
	GlobalSection(ExtensibilityGlobals) = postSolution
		SolutionGuid = {6EA163D2-F861-41FF-9F39-B508A7090E3C}
	EndGlobalSection
EndGlobal
